
Microsoft Visual Studio Solution File, Format Version 12.00
# Visual Studio Version 17
VisualStudioVersion = 17.13.35931.197 d17.13
MinimumVisualStudioVersion = 10.0.40219.1
Project("{8BC9CEB8-8B4A-11D0-8D11-00A0C91BC942}") = "Game1011Lab_2", "Game1011Lab_2\Game1011Lab_2.vcxproj", "{037D83CB-2FA3-483A-9F16-1E05618171F4}"
EndProject
Global
	GlobalSection(SolutionConfigurationPlatforms) = preSolution
		Debug|x64 = Debug|x64
		Debug|x86 = Debug|x86
		Release|x64 = Release|x64
		Release|x86 = Release|x86
	EndGlobalSection
	GlobalSection(ProjectConfigurationPlatforms) = postSolution
		{037D83CB-2FA3-483A-9F16-1E05618171F4}.Debug|x64.ActiveCfg = Debug|x64
		{037D83CB-2FA3-483A-9F16-1E05618171F4}.Debug|x64.Build.0 = Debug|x64
		{037D83CB-2FA3-483A-9F16-1E05618171F4}.Debug|x86.ActiveCfg = Debug|Win32
		{037D83CB-2FA3-483A-9F16-1E05618171F4}.Debug|x86.Build.0 = Debug|Win32
		{037D83CB-2FA3-483A-9F16-1E05618171F4}.Release|x64.ActiveCfg = Release|x64
		{037D83CB-2FA3-483A-9F16-1E05618171F4}.Release|x64.Build.0 = Release|x64
		{037D83CB-2FA3-483A-9F16-1E05618171F4}.Release|x86.ActiveCfg = Release|Win32
		{037D83CB-2FA3-483A-9F16-1E05618171F4}.Release|x86.Build.0 = Release|Win32
	EndGlobalSection
	GlobalSection(SolutionProperties) = preSolution
		HideSolutionNode = FALSE
	EndGlobalSection
	GlobalSection(ExtensibilityGlobals) = postSolution
		SolutionGuid = {C1CEE9DB-C368-46F2-8ADD-AFB6F5F333B1}
	EndGlobalSection
EndGlobal
